
Microsoft Visual Studio Solution File, Format Version 12.00
# Visual Studio Version 16
VisualStudioVersion = 16.0.30011.22
MinimumVisualStudioVersion = 10.0.40219.1
Project("{2150E333-8FDC-42A3-9474-1A3956D46DE8}") = "UserService", "UserService", "{B1E12D5E-3352-4001-A5FD-6FA14FB87F43}"
EndProject
Project("{9A19103F-16F7-4668-BE54-9A1E7A4F7556}") = "UserService.Services", "UserService\UserService.Services\UserService.Services.csproj", "{F80C92AC-1005-483F-8F09-18432E8739AA}"
EndProject
Project("{9A19103F-16F7-4668-BE54-9A1E7A4F7556}") = "UserService.Data", "UserService\UserService.Data\UserService.Data.csproj", "{A12CAD02-17BD-4BC7-A692-9D3734444665}"
EndProject
Project("{9A19103F-16F7-4668-BE54-9A1E7A4F7556}") = "UserService.Api", "UserService\UserService.Api\UserService.Api.csproj", "{77B4E5FC-5CEE-452D-B3C7-268D6E6FD35A}"
EndProject
Project("{2150E333-8FDC-42A3-9474-1A3956D46DE8}") = "TransactionService", "TransactionService", "{BE72C16D-1612-4B75-A5CA-94455E8523F1}"
EndProject
Project("{9A19103F-16F7-4668-BE54-9A1E7A4F7556}") = "UserService.NServiceBus", "UserService\UserService.NServiceBus\UserService.NServiceBus.csproj", "{3E38E9C2-5C87-44E9-9CAC-EF073232CD74}"
EndProject
Project("{9A19103F-16F7-4668-BE54-9A1E7A4F7556}") = "UserService.Contract", "UserService\UserService.Contract\UserService.Contract.csproj", "{D4C69135-43A4-4A37-B982-24D827645D11}"
EndProject
Project("{9A19103F-16F7-4668-BE54-9A1E7A4F7556}") = "TransactionService.Api", "TransactionService\TransactionService.Api\TransactionService.Api.csproj", "{97DBF4DC-41D4-409C-9B8C-4C664C2E3C62}"
EndProject
Project("{9A19103F-16F7-4668-BE54-9A1E7A4F7556}") = "TransactionService.Contract", "TransactionService\TransactionService.Contract\TransactionService.Contract.csproj", "{AC3DB06A-1F9A-4B70-906F-2B52C3841B44}"
EndProject
Project("{9A19103F-16F7-4668-BE54-9A1E7A4F7556}") = "TransactionService.Data", "TransactionService\TransactionService.Data\TransactionService.Data.csproj", "{6453FF15-05EB-45DE-934A-2BAFE355C29E}"
EndProject
Project("{9A19103F-16F7-4668-BE54-9A1E7A4F7556}") = "TransactionService.NServiceBus", "TransactionService\TransactionService.NServiceBus\TransactionService.NServiceBus.csproj", "{B1AD5706-ACDB-40FE-8764-AAFBA79CC29E}"
EndProject
Project("{9A19103F-16F7-4668-BE54-9A1E7A4F7556}") = "TransactionService.Services", "TransactionService\TransactionService.Services\TransactionService.Services.csproj", "{DE23B2EE-2B82-4C91-9080-4B4A7C3A411A}"
EndProject
Project("{9A19103F-16F7-4668-BE54-9A1E7A4F7556}") = "UserService.Helpers", "UserService\UserService.Helpers\UserService.Helpers.csproj", "{91B8EF89-201E-4FEF-A6FB-984E18023BA7}"
EndProject
Project("{FAE04EC0-301F-11D3-BF4B-00C04F79EFBC}") = "UserService.Tests", "UserService\UserService.Tests\UserService.Tests.csproj", "{DC70D721-E7B8-4708-92EF-F992B56DC45B}"
EndProject
Global
	GlobalSection(SolutionConfigurationPlatforms) = preSolution
		Debug|Any CPU = Debug|Any CPU
		Release|Any CPU = Release|Any CPU
	EndGlobalSection
	GlobalSection(ProjectConfigurationPlatforms) = postSolution
		{F80C92AC-1005-483F-8F09-18432E8739AA}.Debug|Any CPU.ActiveCfg = Debug|Any CPU
		{F80C92AC-1005-483F-8F09-18432E8739AA}.Debug|Any CPU.Build.0 = Debug|Any CPU
		{F80C92AC-1005-483F-8F09-18432E8739AA}.Release|Any CPU.ActiveCfg = Release|Any CPU
		{F80C92AC-1005-483F-8F09-18432E8739AA}.Release|Any CPU.Build.0 = Release|Any CPU
		{A12CAD02-17BD-4BC7-A692-9D3734444665}.Debug|Any CPU.ActiveCfg = Debug|Any CPU
		{A12CAD02-17BD-4BC7-A692-9D3734444665}.Debug|Any CPU.Build.0 = Debug|Any CPU
		{A12CAD02-17BD-4BC7-A692-9D3734444665}.Release|Any CPU.ActiveCfg = Release|Any CPU
		{A12CAD02-17BD-4BC7-A692-9D3734444665}.Release|Any CPU.Build.0 = Release|Any CPU
		{77B4E5FC-5CEE-452D-B3C7-268D6E6FD35A}.Debug|Any CPU.ActiveCfg = Debug|Any CPU
		{77B4E5FC-5CEE-452D-B3C7-268D6E6FD35A}.Debug|Any CPU.Build.0 = Debug|Any CPU
		{77B4E5FC-5CEE-452D-B3C7-268D6E6FD35A}.Release|Any CPU.ActiveCfg = Release|Any CPU
		{77B4E5FC-5CEE-452D-B3C7-268D6E6FD35A}.Release|Any CPU.Build.0 = Release|Any CPU
		{3E38E9C2-5C87-44E9-9CAC-EF073232CD74}.Debug|Any CPU.ActiveCfg = Debug|Any CPU
		{3E38E9C2-5C87-44E9-9CAC-EF073232CD74}.Debug|Any CPU.Build.0 = Debug|Any CPU
		{3E38E9C2-5C87-44E9-9CAC-EF073232CD74}.Release|Any CPU.ActiveCfg = Release|Any CPU
		{3E38E9C2-5C87-44E9-9CAC-EF073232CD74}.Release|Any CPU.Build.0 = Release|Any CPU
		{D4C69135-43A4-4A37-B982-24D827645D11}.Debug|Any CPU.ActiveCfg = Debug|Any CPU
		{D4C69135-43A4-4A37-B982-24D827645D11}.Debug|Any CPU.Build.0 = Debug|Any CPU
		{D4C69135-43A4-4A37-B982-24D827645D11}.Release|Any CPU.ActiveCfg = Release|Any CPU
		{D4C69135-43A4-4A37-B982-24D827645D11}.Release|Any CPU.Build.0 = Release|Any CPU
		{97DBF4DC-41D4-409C-9B8C-4C664C2E3C62}.Debug|Any CPU.ActiveCfg = Debug|Any CPU
		{97DBF4DC-41D4-409C-9B8C-4C664C2E3C62}.Debug|Any CPU.Build.0 = Debug|Any CPU
		{97DBF4DC-41D4-409C-9B8C-4C664C2E3C62}.Release|Any CPU.ActiveCfg = Release|Any CPU
		{97DBF4DC-41D4-409C-9B8C-4C664C2E3C62}.Release|Any CPU.Build.0 = Release|Any CPU
		{AC3DB06A-1F9A-4B70-906F-2B52C3841B44}.Debug|Any CPU.ActiveCfg = Debug|Any CPU
		{AC3DB06A-1F9A-4B70-906F-2B52C3841B44}.Debug|Any CPU.Build.0 = Debug|Any CPU
		{AC3DB06A-1F9A-4B70-906F-2B52C3841B44}.Release|Any CPU.ActiveCfg = Release|Any CPU
		{AC3DB06A-1F9A-4B70-906F-2B52C3841B44}.Release|Any CPU.Build.0 = Release|Any CPU
		{6453FF15-05EB-45DE-934A-2BAFE355C29E}.Debug|Any CPU.ActiveCfg = Debug|Any CPU
		{6453FF15-05EB-45DE-934A-2BAFE355C29E}.Debug|Any CPU.Build.0 = Debug|Any CPU
		{6453FF15-05EB-45DE-934A-2BAFE355C29E}.Release|Any CPU.ActiveCfg = Release|Any CPU
		{6453FF15-05EB-45DE-934A-2BAFE355C29E}.Release|Any CPU.Build.0 = Release|Any CPU
		{B1AD5706-ACDB-40FE-8764-AAFBA79CC29E}.Debug|Any CPU.ActiveCfg = Debug|Any CPU
		{B1AD5706-ACDB-40FE-8764-AAFBA79CC29E}.Debug|Any CPU.Build.0 = Debug|Any CPU
		{B1AD5706-ACDB-40FE-8764-AAFBA79CC29E}.Release|Any CPU.ActiveCfg = Release|Any CPU
		{B1AD5706-ACDB-40FE-8764-AAFBA79CC29E}.Release|Any CPU.Build.0 = Release|Any CPU
		{DE23B2EE-2B82-4C91-9080-4B4A7C3A411A}.Debug|Any CPU.ActiveCfg = Debug|Any CPU
		{DE23B2EE-2B82-4C91-9080-4B4A7C3A411A}.Debug|Any CPU.Build.0 = Debug|Any CPU
		{DE23B2EE-2B82-4C91-9080-4B4A7C3A411A}.Release|Any CPU.ActiveCfg = Release|Any CPU
		{DE23B2EE-2B82-4C91-9080-4B4A7C3A411A}.Release|Any CPU.Build.0 = Release|Any CPU
		{91B8EF89-201E-4FEF-A6FB-984E18023BA7}.Debug|Any CPU.ActiveCfg = Debug|Any CPU
		{91B8EF89-201E-4FEF-A6FB-984E18023BA7}.Debug|Any CPU.Build.0 = Debug|Any CPU
		{91B8EF89-201E-4FEF-A6FB-984E18023BA7}.Release|Any CPU.ActiveCfg = Release|Any CPU
		{91B8EF89-201E-4FEF-A6FB-984E18023BA7}.Release|Any CPU.Build.0 = Release|Any CPU
		{DC70D721-E7B8-4708-92EF-F992B56DC45B}.Debug|Any CPU.ActiveCfg = Debug|Any CPU
		{DC70D721-E7B8-4708-92EF-F992B56DC45B}.Debug|Any CPU.Build.0 = Debug|Any CPU
		{DC70D721-E7B8-4708-92EF-F992B56DC45B}.Release|Any CPU.ActiveCfg = Release|Any CPU
		{DC70D721-E7B8-4708-92EF-F992B56DC45B}.Release|Any CPU.Build.0 = Release|Any CPU
	EndGlobalSection
	GlobalSection(SolutionProperties) = preSolution
		HideSolutionNode = FALSE
	EndGlobalSection
	GlobalSection(NestedProjects) = preSolution
		{F80C92AC-1005-483F-8F09-18432E8739AA} = {B1E12D5E-3352-4001-A5FD-6FA14FB87F43}
		{A12CAD02-17BD-4BC7-A692-9D3734444665} = {B1E12D5E-3352-4001-A5FD-6FA14FB87F43}
		{77B4E5FC-5CEE-452D-B3C7-268D6E6FD35A} = {B1E12D5E-3352-4001-A5FD-6FA14FB87F43}
		{3E38E9C2-5C87-44E9-9CAC-EF073232CD74} = {B1E12D5E-3352-4001-A5FD-6FA14FB87F43}
		{D4C69135-43A4-4A37-B982-24D827645D11} = {B1E12D5E-3352-4001-A5FD-6FA14FB87F43}
		{97DBF4DC-41D4-409C-9B8C-4C664C2E3C62} = {BE72C16D-1612-4B75-A5CA-94455E8523F1}
		{AC3DB06A-1F9A-4B70-906F-2B52C3841B44} = {BE72C16D-1612-4B75-A5CA-94455E8523F1}
		{6453FF15-05EB-45DE-934A-2BAFE355C29E} = {BE72C16D-1612-4B75-A5CA-94455E8523F1}
		{B1AD5706-ACDB-40FE-8764-AAFBA79CC29E} = {BE72C16D-1612-4B75-A5CA-94455E8523F1}
		{DE23B2EE-2B82-4C91-9080-4B4A7C3A411A} = {BE72C16D-1612-4B75-A5CA-94455E8523F1}
		{91B8EF89-201E-4FEF-A6FB-984E18023BA7} = {B1E12D5E-3352-4001-A5FD-6FA14FB87F43}
		{DC70D721-E7B8-4708-92EF-F992B56DC45B} = {B1E12D5E-3352-4001-A5FD-6FA14FB87F43}
	EndGlobalSection
	GlobalSection(ExtensibilityGlobals) = postSolution
		SolutionGuid = {605A1A43-FF3F-4AB1-9BA2-AFDCC6A0A7F4}
	EndGlobalSection
EndGlobal
